// !$*UTF8*$!
{
	archiveVersion = 1;
	classes = {
	};
	objectVersion = 46;
	objects = {

/* Begin PBXBuildFile section */
		7B89ABE81CBF958900A43931 /* main.m in Sources */ = {isa = PBXBuildFile; fileRef = 7B89ABE71CBF958900A43931 /* main.m */; };
		7B89ABEB1CBF958900A43931 /* AppDelegate.m in Sources */ = {isa = PBXBuildFile; fileRef = 7B89ABEA1CBF958900A43931 /* AppDelegate.m */; };
		7B89ABEE1CBF958900A43931 /* ViewController.m in Sources */ = {isa = PBXBuildFile; fileRef = 7B89ABED1CBF958900A43931 /* ViewController.m */; };
		7B89ABF11CBF958900A43931 /* Main.storyboard in Resources */ = {isa = PBXBuildFile; fileRef = 7B89ABEF1CBF958900A43931 /* Main.storyboard */; };
		7B89ABF31CBF958900A43931 /* Assets.xcassets in Resources */ = {isa = PBXBuildFile; fileRef = 7B89ABF21CBF958900A43931 /* Assets.xcassets */; };
		7B89ABF61CBF958900A43931 /* LaunchScreen.storyboard in Resources */ = {isa = PBXBuildFile; fileRef = 7B89ABF41CBF958900A43931 /* LaunchScreen.storyboard */; };
		7B89AC011CBF958900A43931 /* NeteaseNewsTests.m in Sources */ = {isa = PBXBuildFile; fileRef = 7B89AC001CBF958900A43931 /* NeteaseNewsTests.m */; };
		7B89AC0C1CBF958900A43931 /* NeteaseNewsUITests.m in Sources */ = {isa = PBXBuildFile; fileRef = 7B89AC0B1CBF958900A43931 /* NeteaseNewsUITests.m */; };
		7BFA7C481CC1D2B7000D3A85 /* CZNetworkTool.m in Sources */ = {isa = PBXBuildFile; fileRef = 7BFA7C461CC1D2B7000D3A85 /* CZNetworkTool.m */; };
		7BFA7C4D1CC1D2F8000D3A85 /* CZHeadLine.m in Sources */ = {isa = PBXBuildFile; fileRef = 7BFA7C4C1CC1D2F8000D3A85 /* CZHeadLine.m */; };
		7BFA7C511CC1E1BB000D3A85 /* CZLoopView.m in Sources */ = {isa = PBXBuildFile; fileRef = 7BFA7C501CC1E1BB000D3A85 /* CZLoopView.m */; };
		7BFA7C541CC1E475000D3A85 /* CZLoopViewCell.m in Sources */ = {isa = PBXBuildFile; fileRef = 7BFA7C531CC1E475000D3A85 /* CZLoopViewCell.m */; };
		7BFA7C571CC1E50E000D3A85 /* CZLoopViewFlowLayout.m in Sources */ = {isa = PBXBuildFile; fileRef = 7BFA7C561CC1E50E000D3A85 /* CZLoopViewFlowLayout.m */; };
		7BFA7C5C1CC1EB56000D3A85 /* CZHeadLineViewController.m in Sources */ = {isa = PBXBuildFile; fileRef = 7BFA7C5B1CC1EB56000D3A85 /* CZHeadLineViewController.m */; };
		BFF030E44D03E6CA1D7BEFC2 /* libPods.a in Frameworks */ = {isa = PBXBuildFile; fileRef = 9F8D3AF100A0098A1CD060D5 /* libPods.a */; };
/* End PBXBuildFile section */

/* Begin PBXContainerItemProxy section */
		7B89ABFD1CBF958900A43931 /* PBXContainerItemProxy */ = {
			isa = PBXContainerItemProxy;
			containerPortal = 7B89ABDB1CBF958900A43931 /* Project object */;
			proxyType = 1;
			remoteGlobalIDString = 7B89ABE21CBF958900A43931;
			remoteInfo = NeteaseNews;
		};
		7B89AC081CBF958900A43931 /* PBXContainerItemProxy */ = {
			isa = PBXContainerItemProxy;
			containerPortal = 7B89ABDB1CBF958900A43931 /* Project object */;
			proxyType = 1;
			remoteGlobalIDString = 7B89ABE21CBF958900A43931;
			remoteInfo = NeteaseNews;
		};
/* End PBXContainerItemProxy section */

/* Begin PBXFileReference section */
		4F7F80FE39046B5AEF1EC982 /* Pods.release.xcconfig */ = {isa = PBXFileReference; includeInIndex = 1; lastKnownFileType = text.xcconfig; name = Pods.release.xcconfig; path = "Pods/Target Support Files/Pods/Pods.release.xcconfig"; sourceTree = "<group>"; };
		7B89ABE31CBF958900A43931 /* NeteaseNews.app */ = {isa = PBXFileReference; explicitFileType = wrapper.application; includeInIndex = 0; path = NeteaseNews.app; sourceTree = BUILT_PRODUCTS_DIR; };
		7B89ABE71CBF958900A43931 /* main.m */ = {isa = PBXFileReference; lastKnownFileType = sourcecode.c.objc; path = main.m; sourceTree = "<group>"; };
		7B89ABE91CBF958900A43931 /* AppDelegate.h */ = {isa = PBXFileReference; lastKnownFileType = sourcecode.c.h; path = AppDelegate.h; sourceTree = "<group>"; };
		7B89ABEA1CBF958900A43931 /* AppDelegate.m */ = {isa = PBXFileReference; lastKnownFileType = sourcecode.c.objc; path = AppDelegate.m; sourceTree = "<group>"; };
		7B89ABEC1CBF958900A43931 /* ViewController.h */ = {isa = PBXFileReference; lastKnownFileType = sourcecode.c.h; path = ViewController.h; sourceTree = "<group>"; };
		7B89ABED1CBF958900A43931 /* ViewController.m */ = {isa = PBXFileReference; lastKnownFileType = sourcecode.c.objc; path = ViewController.m; sourceTree = "<group>"; };
		7B89ABF01CBF958900A43931 /* Base */ = {isa = PBXFileReference; lastKnownFileType = file.storyboard; name = Base; path = Base.lproj/Main.storyboard; sourceTree = "<group>"; };
		7B89ABF21CBF958900A43931 /* Assets.xcassets */ = {isa = PBXFileReference; lastKnownFileType = folder.assetcatalog; path = Assets.xcassets; sourceTree = "<group>"; };
		7B89ABF51CBF958900A43931 /* Base */ = {isa = PBXFileReference; lastKnownFileType = file.storyboard; name = Base; path = Base.lproj/LaunchScreen.storyboard; sourceTree = "<group>"; };
		7B89ABF71CBF958900A43931 /* Info.plist */ = {isa = PBXFileReference; lastKnownFileType = text.plist.xml; path = Info.plist; sourceTree = "<group>"; };
		7B89ABFC1CBF958900A43931 /* NeteaseNewsTests.xctest */ = {isa = PBXFileReference; explicitFileType = wrapper.cfbundle; includeInIndex = 0; path = NeteaseNewsTests.xctest; sourceTree = BUILT_PRODUCTS_DIR; };
		7B89AC001CBF958900A43931 /* NeteaseNewsTests.m */ = {isa = PBXFileReference; lastKnownFileType = sourcecode.c.objc; path = NeteaseNewsTests.m; sourceTree = "<group>"; };
		7B89AC021CBF958900A43931 /* Info.plist */ = {isa = PBXFileReference; lastKnownFileType = text.plist.xml; path = Info.plist; sourceTree = "<group>"; };
		7B89AC071CBF958900A43931 /* NeteaseNewsUITests.xctest */ = {isa = PBXFileReference; explicitFileType = wrapper.cfbundle; includeInIndex = 0; path = NeteaseNewsUITests.xctest; sourceTree = BUILT_PRODUCTS_DIR; };
		7B89AC0B1CBF958900A43931 /* NeteaseNewsUITests.m */ = {isa = PBXFileReference; lastKnownFileType = sourcecode.c.objc; path = NeteaseNewsUITests.m; sourceTree = "<group>"; };
		7B89AC0D1CBF958900A43931 /* Info.plist */ = {isa = PBXFileReference; lastKnownFileType = text.plist.xml; path = Info.plist; sourceTree = "<group>"; };
		7BFA7C461CC1D2B7000D3A85 /* CZNetworkTool.m */ = {isa = PBXFileReference; fileEncoding = 4; lastKnownFileType = sourcecode.c.objc; path = CZNetworkTool.m; sourceTree = "<group>"; };
		7BFA7C471CC1D2B7000D3A85 /* CZNetworkTool.h */ = {isa = PBXFileReference; fileEncoding = 4; lastKnownFileType = sourcecode.c.h; path = CZNetworkTool.h; sourceTree = "<group>"; };
		7BFA7C4B1CC1D2F8000D3A85 /* CZHeadLine.h */ = {isa = PBXFileReference; fileEncoding = 4; lastKnownFileType = sourcecode.c.h; path = CZHeadLine.h; sourceTree = "<group>"; };
		7BFA7C4C1CC1D2F8000D3A85 /* CZHeadLine.m */ = {isa = PBXFileReference; fileEncoding = 4; lastKnownFileType = sourcecode.c.objc; path = CZHeadLine.m; sourceTree = "<group>"; };
		7BFA7C4F1CC1E1BB000D3A85 /* CZLoopView.h */ = {isa = PBXFileReference; fileEncoding = 4; lastKnownFileType = sourcecode.c.h; path = CZLoopView.h; sourceTree = "<group>"; };
		7BFA7C501CC1E1BB000D3A85 /* CZLoopView.m */ = {isa = PBXFileReference; fileEncoding = 4; lastKnownFileType = sourcecode.c.objc; path = CZLoopView.m; sourceTree = "<group>"; };
		7BFA7C521CC1E475000D3A85 /* CZLoopViewCell.h */ = {isa = PBXFileReference; fileEncoding = 4; lastKnownFileType = sourcecode.c.h; path = CZLoopViewCell.h; sourceTree = "<group>"; };
		7BFA7C531CC1E475000D3A85 /* CZLoopViewCell.m */ = {isa = PBXFileReference; fileEncoding = 4; lastKnownFileType = sourcecode.c.objc; path = CZLoopViewCell.m; sourceTree = "<group>"; };
		7BFA7C551CC1E50E000D3A85 /* CZLoopViewFlowLayout.h */ = {isa = PBXFileReference; fileEncoding = 4; lastKnownFileType = sourcecode.c.h; path = CZLoopViewFlowLayout.h; sourceTree = "<group>"; };
		7BFA7C561CC1E50E000D3A85 /* CZLoopViewFlowLayout.m */ = {isa = PBXFileReference; fileEncoding = 4; lastKnownFileType = sourcecode.c.objc; path = CZLoopViewFlowLayout.m; sourceTree = "<group>"; };
		7BFA7C5A1CC1EB56000D3A85 /* CZHeadLineViewController.h */ = {isa = PBXFileReference; fileEncoding = 4; lastKnownFileType = sourcecode.c.h; path = CZHeadLineViewController.h; sourceTree = "<group>"; };
		7BFA7C5B1CC1EB56000D3A85 /* CZHeadLineViewController.m */ = {isa = PBXFileReference; fileEncoding = 4; lastKnownFileType = sourcecode.c.objc; path = CZHeadLineViewController.m; sourceTree = "<group>"; };
		9F8D3AF100A0098A1CD060D5 /* libPods.a */ = {isa = PBXFileReference; explicitFileType = archive.ar; includeInIndex = 0; path = libPods.a; sourceTree = BUILT_PRODUCTS_DIR; };
		FFC9BB73EE1E6EB483ABB4D7 /* Pods.debug.xcconfig */ = {isa = PBXFileReference; includeInIndex = 1; lastKnownFileType = text.xcconfig; name = Pods.debug.xcconfig; path = "Pods/Target Support Files/Pods/Pods.debug.xcconfig"; sourceTree = "<group>"; };
/* End PBXFileReference section */

/* Begin PBXFrameworksBuildPhase section */
		7B89ABE01CBF958900A43931 /* Frameworks */ = {
			isa = PBXFrameworksBuildPhase;
			buildActionMask = 2147483647;
			files = (
				BFF030E44D03E6CA1D7BEFC2 /* libPods.a in Frameworks */,
			);
			runOnlyForDeploymentPostprocessing = 0;
		};
		7B89ABF91CBF958900A43931 /* Frameworks */ = {
			isa = PBXFrameworksBuildPhase;
			buildActionMask = 2147483647;
			files = (
			);
			runOnlyForDeploymentPostprocessing = 0;
		};
		7B89AC041CBF958900A43931 /* Frameworks */ = {
			isa = PBXFrameworksBuildPhase;
			buildActionMask = 2147483647;
			files = (
			);
			runOnlyForDeploymentPostprocessing = 0;
		};
/* End PBXFrameworksBuildPhase section */

/* Begin PBXGroup section */
		0C1CEFBD8262C1B11EBFB1BC /* Pods */ = {
			isa = PBXGroup;
			children = (
				FFC9BB73EE1E6EB483ABB4D7 /* Pods.debug.xcconfig */,
				4F7F80FE39046B5AEF1EC982 /* Pods.release.xcconfig */,
			);
			name = Pods;
			sourceTree = "<group>";
		};
		7B89ABDA1CBF958900A43931 = {
			isa = PBXGroup;
			children = (
				7B89ABE51CBF958900A43931 /* NeteaseNews */,
				7B89ABFF1CBF958900A43931 /* NeteaseNewsTests */,
				7B89AC0A1CBF958900A43931 /* NeteaseNewsUITests */,
				7B89ABE41CBF958900A43931 /* Products */,
				0C1CEFBD8262C1B11EBFB1BC /* Pods */,
				FDA977BB4702D6B38A91BCC3 /* Frameworks */,
			);
			sourceTree = "<group>";
		};
		7B89ABE41CBF958900A43931 /* Products */ = {
			isa = PBXGroup;
			children = (
				7B89ABE31CBF958900A43931 /* NeteaseNews.app */,
				7B89ABFC1CBF958900A43931 /* NeteaseNewsTests.xctest */,
				7B89AC071CBF958900A43931 /* NeteaseNewsUITests.xctest */,
			);
			name = Products;
			sourceTree = "<group>";
		};
		7B89ABE51CBF958900A43931 /* NeteaseNews */ = {
			isa = PBXGroup;
			children = (
				7BFA7C431CC1D253000D3A85 /* Classes */,
				7B89ABE91CBF958900A43931 /* AppDelegate.h */,
				7B89ABEA1CBF958900A43931 /* AppDelegate.m */,
				7B89ABEC1CBF958900A43931 /* ViewController.h */,
				7B89ABED1CBF958900A43931 /* ViewController.m */,
				7B89ABEF1CBF958900A43931 /* Main.storyboard */,
				7B89ABF21CBF958900A43931 /* Assets.xcassets */,
				7B89ABF41CBF958900A43931 /* LaunchScreen.storyboard */,
				7B89ABF71CBF958900A43931 /* Info.plist */,
				7B89ABE61CBF958900A43931 /* Supporting Files */,
			);
			path = NeteaseNews;
			sourceTree = "<group>";
		};
		7B89ABE61CBF958900A43931 /* Supporting Files */ = {
			isa = PBXGroup;
			children = (
				7B89ABE71CBF958900A43931 /* main.m */,
			);
			name = "Supporting Files";
			sourceTree = "<group>";
		};
		7B89ABFF1CBF958900A43931 /* NeteaseNewsTests */ = {
			isa = PBXGroup;
			children = (
				7B89AC001CBF958900A43931 /* NeteaseNewsTests.m */,
				7B89AC021CBF958900A43931 /* Info.plist */,
			);
			path = NeteaseNewsTests;
			sourceTree = "<group>";
		};
		7B89AC0A1CBF958900A43931 /* NeteaseNewsUITests */ = {
			isa = PBXGroup;
			children = (
				7B89AC0B1CBF958900A43931 /* NeteaseNewsUITests.m */,
				7B89AC0D1CBF958900A43931 /* Info.plist */,
			);
			path = NeteaseNewsUITests;
			sourceTree = "<group>";
		};
		7BFA7C431CC1D253000D3A85 /* Classes */ = {
			isa = PBXGroup;
			children = (
				7BFA7C441CC1D253000D3A85 /* News */,
			);
			path = Classes;
			sourceTree = "<group>";
		};
		7BFA7C441CC1D253000D3A85 /* News */ = {
			isa = PBXGroup;
			children = (
				7BFA7C581CC1EB0A000D3A85 /* Controller */,
				7BFA7C4E1CC1DF91000D3A85 /* LoopView */,
				7BFA7C491CC1D2CF000D3A85 /* Model */,
				7BFA7C451CC1D259000D3A85 /* Tool */,
			);
			path = News;
			sourceTree = "<group>";
		};
		7BFA7C451CC1D259000D3A85 /* Tool */ = {
			isa = PBXGroup;
			children = (
				7BFA7C461CC1D2B7000D3A85 /* CZNetworkTool.m */,
				7BFA7C471CC1D2B7000D3A85 /* CZNetworkTool.h */,
			);
			name = Tool;
			sourceTree = "<group>";
		};
		7BFA7C491CC1D2CF000D3A85 /* Model */ = {
			isa = PBXGroup;
			children = (
				7BFA7C4A1CC1D2D5000D3A85 /* HeadLine */,
			);
			name = Model;
			sourceTree = "<group>";
		};
		7BFA7C4A1CC1D2D5000D3A85 /* HeadLine */ = {
			isa = PBXGroup;
			children = (
				7BFA7C4B1CC1D2F8000D3A85 /* CZHeadLine.h */,
				7BFA7C4C1CC1D2F8000D3A85 /* CZHeadLine.m */,
			);
			name = HeadLine;
			sourceTree = "<group>";
		};
		7BFA7C4E1CC1DF91000D3A85 /* LoopView */ = {
			isa = PBXGroup;
			children = (
				7BFA7C4F1CC1E1BB000D3A85 /* CZLoopView.h */,
				7BFA7C501CC1E1BB000D3A85 /* CZLoopView.m */,
				7BFA7C521CC1E475000D3A85 /* CZLoopViewCell.h */,
				7BFA7C531CC1E475000D3A85 /* CZLoopViewCell.m */,
				7BFA7C551CC1E50E000D3A85 /* CZLoopViewFlowLayout.h */,
				7BFA7C561CC1E50E000D3A85 /* CZLoopViewFlowLayout.m */,
			);
			name = LoopView;
			sourceTree = "<group>";
		};
		7BFA7C581CC1EB0A000D3A85 /* Controller */ = {
			isa = PBXGroup;
			children = (
				7BFA7C591CC1EB14000D3A85 /* HeadLine */,
			);
			name = Controller;
			sourceTree = "<group>";
		};
		7BFA7C591CC1EB14000D3A85 /* HeadLine */ = {
			isa = PBXGroup;
			children = (
				7BFA7C5A1CC1EB56000D3A85 /* CZHeadLineViewController.h */,
				7BFA7C5B1CC1EB56000D3A85 /* CZHeadLineViewController.m */,
			);
			name = HeadLine;
			sourceTree = "<group>";
		};
		FDA977BB4702D6B38A91BCC3 /* Frameworks */ = {
			isa = PBXGroup;
			children = (
				9F8D3AF100A0098A1CD060D5 /* libPods.a */,
			);
			name = Frameworks;
			sourceTree = "<group>";
		};
/* End PBXGroup section */

/* Begin PBXNativeTarget section */
		7B89ABE21CBF958900A43931 /* NeteaseNews */ = {
			isa = PBXNativeTarget;
			buildConfigurationList = 7B89AC101CBF958900A43931 /* Build configuration list for PBXNativeTarget "NeteaseNews" */;
			buildPhases = (
				0E75C918F5BFE8107421C81F /* Check Pods Manifest.lock */,
				7B89ABDF1CBF958900A43931 /* Sources */,
				7B89ABE01CBF958900A43931 /* Frameworks */,
				7B89ABE11CBF958900A43931 /* Resources */,
				F17404080481884B5910D97B /* Embed Pods Frameworks */,
				6E6627348F6B5ADCDB5C5644 /* Copy Pods Resources */,
			);
			buildRules = (
			);
			dependencies = (
			);
			name = NeteaseNews;
			productName = NeteaseNews;
			productReference = 7B89ABE31CBF958900A43931 /* NeteaseNews.app */;
			productType = "com.apple.product-type.application";
		};
		7B89ABFB1CBF958900A43931 /* NeteaseNewsTests */ = {
			isa = PBXNativeTarget;
			buildConfigurationList = 7B89AC131CBF958900A43931 /* Build configuration list for PBXNativeTarget "NeteaseNewsTests" */;
			buildPhases = (
				7B89ABF81CBF958900A43931 /* Sources */,
				7B89ABF91CBF958900A43931 /* Frameworks */,
				7B89ABFA1CBF958900A43931 /* Resources */,
			);
			buildRules = (
			);
			dependencies = (
				7B89ABFE1CBF958900A43931 /* PBXTargetDependency */,
			);
			name = NeteaseNewsTests;
			productName = NeteaseNewsTests;
			productReference = 7B89ABFC1CBF958900A43931 /* NeteaseNewsTests.xctest */;
			productType = "com.apple.product-type.bundle.unit-test";
		};
		7B89AC061CBF958900A43931 /* NeteaseNewsUITests */ = {
			isa = PBXNativeTarget;
			buildConfigurationList = 7B89AC161CBF958900A43931 /* Build configuration list for PBXNativeTarget "NeteaseNewsUITests" */;
			buildPhases = (
				7B89AC031CBF958900A43931 /* Sources */,
				7B89AC041CBF958900A43931 /* Frameworks */,
				7B89AC051CBF958900A43931 /* Resources */,
			);
			buildRules = (
			);
			dependencies = (
				7B89AC091CBF958900A43931 /* PBXTargetDependency */,
			);
			name = NeteaseNewsUITests;
			productName = NeteaseNewsUITests;
			productReference = 7B89AC071CBF958900A43931 /* NeteaseNewsUITests.xctest */;
			productType = "com.apple.product-type.bundle.ui-testing";
		};
/* End PBXNativeTarget section */

/* Begin PBXProject section */
		7B89ABDB1CBF958900A43931 /* Project object */ = {
			isa = PBXProject;
			attributes = {
				CLASSPREFIX = CZ;
				LastUpgradeCheck = 0720;
				ORGANIZATIONNAME = sonmin;
				TargetAttributes = {
					7B89ABE21CBF958900A43931 = {
						CreatedOnToolsVersion = 7.2;
					};
					7B89ABFB1CBF958900A43931 = {
						CreatedOnToolsVersion = 7.2;
						TestTargetID = 7B89ABE21CBF958900A43931;
					};
					7B89AC061CBF958900A43931 = {
						CreatedOnToolsVersion = 7.2;
						TestTargetID = 7B89ABE21CBF958900A43931;
					};
				};
			};
			buildConfigurationList = 7B89ABDE1CBF958900A43931 /* Build configuration list for PBXProject "NeteaseNews" */;
			compatibilityVersion = "Xcode 3.2";
			developmentRegion = English;
			hasScannedForEncodings = 0;
			knownRegions = (
				en,
				Base,
			);
			mainGroup = 7B89ABDA1CBF958900A43931;
			productRefGroup = 7B89ABE41CBF958900A43931 /* Products */;
			projectDirPath = "";
			projectRoot = "";
			targets = (
				7B89ABE21CBF958900A43931 /* NeteaseNews */,
				7B89ABFB1CBF958900A43931 /* NeteaseNewsTests */,
				7B89AC061CBF958900A43931 /* NeteaseNewsUITests */,
			);
		};
/* End PBXProject section */

/* Begin PBXResourcesBuildPhase section */
		7B89ABE11CBF958900A43931 /* Resources */ = {
			isa = PBXResourcesBuildPhase;
			buildActionMask = 2147483647;
			files = (
				7B89ABF61CBF958900A43931 /* LaunchScreen.storyboard in Resources */,
				7B89ABF31CBF958900A43931 /* Assets.xcassets in Resources */,
				7B89ABF11CBF958900A43931 /* Main.storyboard in Resources */,
			);
			runOnlyForDeploymentPostprocessing = 0;
		};
		7B89ABFA1CBF958900A43931 /* Resources */ = {
			isa = PBXResourcesBuildPhase;
			buildActionMask = 2147483647;
			files = (
			);
			runOnlyForDeploymentPostprocessing = 0;
		};
		7B89AC051CBF958900A43931 /* Resources */ = {
			isa = PBXResourcesBuildPhase;
			buildActionMask = 2147483647;
			files = (
			);
			runOnlyForDeploymentPostprocessing = 0;
		};
/* End PBXResourcesBuildPhase section */

/* Begin PBXShellScriptBuildPhase section */
		0E75C918F5BFE8107421C81F /* Check Pods Manifest.lock */ = {
			isa = PBXShellScriptBuildPhase;
			buildActionMask = 2147483647;
			files = (
			);
			inputPaths = (
			);
			name = "Check Pods Manifest.lock";
			outputPaths = (
			);
			runOnlyForDeploymentPostprocessing = 0;
			shellPath = /bin/sh;
			shellScript = "diff \"${PODS_ROOT}/../Podfile.lock\" \"${PODS_ROOT}/Manifest.lock\" > /dev/null\nif [[ $? != 0 ]] ; then\n    cat << EOM\nerror: The sandbox is not in sync with the Podfile.lock. Run 'pod install' or update your CocoaPods installation.\nEOM\n    exit 1\nfi\n";
			showEnvVarsInLog = 0;
		};
		6E6627348F6B5ADCDB5C5644 /* Copy Pods Resources */ = {
			isa = PBXShellScriptBuildPhase;
			buildActionMask = 2147483647;
			files = (
			);
			inputPaths = (
			);
			name = "Copy Pods Resources";
			outputPaths = (
			);
			runOnlyForDeploymentPostprocessing = 0;
			shellPath = /bin/sh;
			shellScript = "\"${SRCROOT}/Pods/Target Support Files/Pods/Pods-resources.sh\"\n";
			showEnvVarsInLog = 0;
		};
		F17404080481884B5910D97B /* Embed Pods Frameworks */ = {
			isa = PBXShellScriptBuildPhase;
			buildActionMask = 2147483647;
			files = (
			);
			inputPaths = (
			);
			name = "Embed Pods Frameworks";
			outputPaths = (
			);
			runOnlyForDeploymentPostprocessing = 0;
			shellPath = /bin/sh;
			shellScript = "\"${SRCROOT}/Pods/Target Support Files/Pods/Pods-frameworks.sh\"\n";
			showEnvVarsInLog = 0;
		};
/* End PBXShellScriptBuildPhase section */

/* Begin PBXSourcesBuildPhase section */
		7B89ABDF1CBF958900A43931 /* Sources */ = {
			isa = PBXSourcesBuildPhase;
			buildActionMask = 2147483647;
			files = (
				7BFA7C4D1CC1D2F8000D3A85 /* CZHeadLine.m in Sources */,
				7B89ABEE1CBF958900A43931 /* ViewController.m in Sources */,
				7B89ABEB1CBF958900A43931 /* AppDelegate.m in Sources */,
				7BFA7C5C1CC1EB56000D3A85 /* CZHeadLineViewController.m in Sources */,
				7BFA7C541CC1E475000D3A85 /* CZLoopViewCell.m in Sources */,
				7BFA7C511CC1E1BB000D3A85 /* CZLoopView.m in Sources */,
				7BFA7C571CC1E50E000D3A85 /* CZLoopViewFlowLayout.m in Sources */,
				7B89ABE81CBF958900A43931 /* main.m in Sources */,
				7BFA7C481CC1D2B7000D3A85 /* CZNetworkTool.m in Sources */,
			);
			runOnlyForDeploymentPostprocessing = 0;
		};
		7B89ABF81CBF958900A43931 /* Sources */ = {
			isa = PBXSourcesBuildPhase;
			buildActionMask = 2147483647;
			files = (
				7B89AC011CBF958900A43931 /* NeteaseNewsTests.m in Sources */,
			);
			runOnlyForDeploymentPostprocessing = 0;
		};
		7B89AC031CBF958900A43931 /* Sources */ = {
			isa = PBXSourcesBuildPhase;
			buildActionMask = 2147483647;
			files = (
				7B89AC0C1CBF958900A43931 /* NeteaseNewsUITests.m in Sources */,
			);
			runOnlyForDeploymentPostprocessing = 0;
		};
/* End PBXSourcesBuildPhase section */

/* Begin PBXTargetDependency section */
		7B89ABFE1CBF958900A43931 /* PBXTargetDependency */ = {
			isa = PBXTargetDependency;
			target = 7B89ABE21CBF958900A43931 /* NeteaseNews */;
			targetProxy = 7B89ABFD1CBF958900A43931 /* PBXContainerItemProxy */;
		};
		7B89AC091CBF958900A43931 /* PBXTargetDependency */ = {
			isa = PBXTargetDependency;
			target = 7B89ABE21CBF958900A43931 /* NeteaseNews */;
			targetProxy = 7B89AC081CBF958900A43931 /* PBXContainerItemProxy */;
		};
/* End PBXTargetDependency section */

/* Begin PBXVariantGroup section */
		7B89ABEF1CBF958900A43931 /* Main.storyboard */ = {
			isa = PBXVariantGroup;
			children = (
				7B89ABF01CBF958900A43931 /* Base */,
			);
			name = Main.storyboard;
			sourceTree = "<group>";
		};
		7B89ABF41CBF958900A43931 /* LaunchScreen.storyboard */ = {
			isa = PBXVariantGroup;
			children = (
				7B89ABF51CBF958900A43931 /* Base */,
			);
			name = LaunchScreen.storyboard;
			sourceTree = "<group>";
		};
/* End PBXVariantGroup section */

/* Begin XCBuildConfiguration section */
		7B89AC0E1CBF958900A43931 /* Debug */ = {
			isa = XCBuildConfiguration;
			buildSettings = {
				ALWAYS_SEARCH_USER_PATHS = NO;
				CLANG_CXX_LANGUAGE_STANDARD = "gnu++0x";
				CLANG_CXX_LIBRARY = "libc++";
				CLANG_ENABLE_MODULES = YES;
				CLANG_ENABLE_OBJC_ARC = YES;
				CLANG_WARN_BOOL_CONVERSION = YES;
				CLANG_WARN_CONSTANT_CONVERSION = YES;
				CLANG_WARN_DIRECT_OBJC_ISA_USAGE = YES_ERROR;
				CLANG_WARN_EMPTY_BODY = YES;
				CLANG_WARN_ENUM_CONVERSION = YES;
				CLANG_WARN_INT_CONVERSION = YES;
				CLANG_WARN_OBJC_ROOT_CLASS = YES_ERROR;
				CLANG_WARN_UNREACHABLE_CODE = YES;
				CLANG_WARN__DUPLICATE_METHOD_MATCH = YES;
				"CODE_SIGN_IDENTITY[sdk=iphoneos*]" = "iPhone Developer";
				COPY_PHASE_STRIP = NO;
				DEBUG_INFORMATION_FORMAT = dwarf;
				ENABLE_STRICT_OBJC_MSGSEND = YES;
				ENABLE_TESTABILITY = YES;
				GCC_C_LANGUAGE_STANDARD = gnu99;
				GCC_DYNAMIC_NO_PIC = NO;
				GCC_NO_COMMON_BLOCKS = YES;
				GCC_OPTIMIZATION_LEVEL = 0;
				GCC_PREPROCESSOR_DEFINITIONS = (
					"DEBUG=1",
					"$(inherited)",
				);
				GCC_WARN_64_TO_32_BIT_CONVERSION = YES;
				GCC_WARN_ABOUT_RETURN_TYPE = YES_ERROR;
				GCC_WARN_UNDECLARED_SELECTOR = YES;
				GCC_WARN_UNINITIALIZED_AUTOS = YES_AGGRESSIVE;
				GCC_WARN_UNUSED_FUNCTION = YES;
				GCC_WARN_UNUSED_VARIABLE = YES;
				IPHONEOS_DEPLOYMENT_TARGET = 9.2;
				MTL_ENABLE_DEBUG_INFO = YES;
				ONLY_ACTIVE_ARCH = YES;
				SDKROOT = iphoneos;
				TARGETED_DEVICE_FAMILY = "1,2";
			};
			name = Debug;
		};
		7B89AC0F1CBF958900A43931 /* Release */ = {
			isa = XCBuildConfiguration;
			buildSettings = {
				ALWAYS_SEARCH_USER_PATHS = NO;
				CLANG_CXX_LANGUAGE_STANDARD = "gnu++0x";
				CLANG_CXX_LIBRARY = "libc++";
				CLANG_ENABLE_MODULES = YES;
				CLANG_ENABLE_OBJC_ARC = YES;
				CLANG_WARN_BOOL_CONVERSION = YES;
				CLANG_WARN_CONSTANT_CONVERSION = YES;
				CLANG_WARN_DIRECT_OBJC_ISA_USAGE = YES_ERROR;
				CLANG_WARN_EMPTY_BODY = YES;
				CLANG_WARN_ENUM_CONVERSION = YES;
				CLANG_WARN_INT_CONVERSION = YES;
				CLANG_WARN_OBJC_ROOT_CLASS = YES_ERROR;
				CLANG_WARN_UNREACHABLE_CODE = YES;
				CLANG_WARN__DUPLICATE_METHOD_MATCH = YES;
				"CODE_SIGN_IDENTITY[sdk=iphoneos*]" = "iPhone Developer";
				COPY_PHASE_STRIP = NO;
				DEBUG_INFORMATION_FORMAT = "dwarf-with-dsym";
				ENABLE_NS_ASSERTIONS = NO;
				ENABLE_STRICT_OBJC_MSGSEND = YES;
				GCC_C_LANGUAGE_STANDARD = gnu99;
				GCC_NO_COMMON_BLOCKS = YES;
				GCC_WARN_64_TO_32_BIT_CONVERSION = YES;
				GCC_WARN_ABOUT_RETURN_TYPE = YES_ERROR;
				GCC_WARN_UNDECLARED_SELECTOR = YES;
				GCC_WARN_UNINITIALIZED_AUTOS = YES_AGGRESSIVE;
				GCC_WARN_UNUSED_FUNCTION = YES;
				GCC_WARN_UNUSED_VARIABLE = YES;
				IPHONEOS_DEPLOYMENT_TARGET = 9.2;
				MTL_ENABLE_DEBUG_INFO = NO;
				SDKROOT = iphoneos;
				TARGETED_DEVICE_FAMILY = "1,2";
				VALIDATE_PRODUCT = YES;
			};
			name = Release;
		};
		7B89AC111CBF958900A43931 /* Debug */ = {
			isa = XCBuildConfiguration;
			baseConfigurationReference = FFC9BB73EE1E6EB483ABB4D7 /* Pods.debug.xcconfig */;
			buildSettings = {
				ASSETCATALOG_COMPILER_APPICON_NAME = AppIcon;
				INFOPLIST_FILE = NeteaseNews/Info.plist;
				IPHONEOS_DEPLOYMENT_TARGET = 9.2;
				LD_RUNPATH_SEARCH_PATHS = "$(inherited) @executable_path/Frameworks";
				PRODUCT_BUNDLE_IDENTIFIER = cn.sonmin.NeteaseNews;
				PRODUCT_NAME = "$(TARGET_NAME)";
			};
			name = Debug;
		};
		7B89AC121CBF958900A43931 /* Release */ = {
			isa = XCBuildConfiguration;
			baseConfigurationReference = 4F7F80FE39046B5AEF1EC982 /* Pods.release.xcconfig */;
			buildSettings = {
				ASSETCATALOG_COMPILER_APPICON_NAME = AppIcon;
				INFOPLIST_FILE = NeteaseNews/Info.plist;
				IPHONEOS_DEPLOYMENT_TARGET = 9.2;
				LD_RUNPATH_SEARCH_PATHS = "$(inherited) @executable_path/Frameworks";
				PRODUCT_BUNDLE_IDENTIFIER = cn.sonmin.NeteaseNews;
				PRODUCT_NAME = "$(TARGET_NAME)";
			};
			name = Release;
		};
		7B89AC141CBF958900A43931 /* Debug */ = {
			isa = XCBuildConfiguration;
			buildSettings = {
				BUNDLE_LOADER = "$(TEST_HOST)";
				INFOPLIST_FILE = NeteaseNewsTests/Info.plist;
				LD_RUNPATH_SEARCH_PATHS = "$(inherited) @executable_path/Frameworks @loader_path/Frameworks";
				PRODUCT_BUNDLE_IDENTIFIER = cn.sonmin.NeteaseNewsTests;
				PRODUCT_NAME = "$(TARGET_NAME)";
				TEST_HOST = "$(BUILT_PRODUCTS_DIR)/NeteaseNews.app/NeteaseNews";
			};
			name = Debug;
		};
		7B89AC151CBF958900A43931 /* Release */ = {
			isa = XCBuildConfiguration;
			buildSettings = {
				BUNDLE_LOADER = "$(TEST_HOST)";
				INFOPLIST_FILE = NeteaseNewsTests/Info.plist;
				LD_RUNPATH_SEARCH_PATHS = "$(inherited) @executable_path/Frameworks @loader_path/Frameworks";
				PRODUCT_BUNDLE_IDENTIFIER = cn.sonmin.NeteaseNewsTests;
				PRODUCT_NAME = "$(TARGET_NAME)";
				TEST_HOST = "$(BUILT_PRODUCTS_DIR)/NeteaseNews.app/NeteaseNews";
			};
			name = Release;
		};
		7B89AC171CBF958900A43931 /* Debug */ = {
			isa = XCBuildConfiguration;
			buildSettings = {
				INFOPLIST_FILE = NeteaseNewsUITests/Info.plist;
				LD_RUNPATH_SEARCH_PATHS = "$(inherited) @executable_path/Frameworks @loader_path/Frameworks";
				PRODUCT_BUNDLE_IDENTIFIER = cn.sonmin.NeteaseNewsUITests;
				PRODUCT_NAME = "$(TARGET_NAME)";
				TEST_TARGET_NAME = NeteaseNews;
				USES_XCTRUNNER = YES;
			};
			name = Debug;
		};
		7B89AC181CBF958900A43931 /* Release */ = {
			isa = XCBuildConfiguration;
			buildSettings = {
				INFOPLIST_FILE = NeteaseNewsUITests/Info.plist;
				LD_RUNPATH_SEARCH_PATHS = "$(inherited) @executable_path/Frameworks @loader_path/Frameworks";
				PRODUCT_BUNDLE_IDENTIFIER = cn.sonmin.NeteaseNewsUITests;
				PRODUCT_NAME = "$(TARGET_NAME)";
				TEST_TARGET_NAME = NeteaseNews;
				USES_XCTRUNNER = YES;
			};
			name = Release;
		};
/* End XCBuildConfiguration section */

/* Begin XCConfigurationList section */
		7B89ABDE1CBF958900A43931 /* Build configuration list for PBXProject "NeteaseNews" */ = {
			isa = XCConfigurationList;
			buildConfigurations = (
				7B89AC0E1CBF958900A43931 /* Debug */,
				7B89AC0F1CBF958900A43931 /* Release */,
			);
			defaultConfigurationIsVisible = 0;
			defaultConfigurationName = Release;
		};
		7B89AC101CBF958900A43931 /* Build configuration list for PBXNativeTarget "NeteaseNews" */ = {
			isa = XCConfigurationList;
			buildConfigurations = (
				7B89AC111CBF958900A43931 /* Debug */,
				7B89AC121CBF958900A43931 /* Release */,
			);
			defaultConfigurationIsVisible = 0;
			defaultConfigurationName = Release;
		};
		7B89AC131CBF958900A43931 /* Build configuration list for PBXNativeTarget "NeteaseNewsTests" */ = {
			isa = XCConfigurationList;
			buildConfigurations = (
				7B89AC141CBF958900A43931 /* Debug */,
				7B89AC151CBF958900A43931 /* Release */,
			);
			defaultConfigurationIsVisible = 0;
			defaultConfigurationName = Release;
		};
		7B89AC161CBF958900A43931 /* Build configuration list for PBXNativeTarget "NeteaseNewsUITests" */ = {
			isa = XCConfigurationList;
			buildConfigurations = (
				7B89AC171CBF958900A43931 /* Debug */,
				7B89AC181CBF958900A43931 /* Release */,
			);
			defaultConfigurationIsVisible = 0;
			defaultConfigurationName = Release;
		};
/* End XCConfigurationList section */
	};
	rootObject = 7B89ABDB1CBF958900A43931 /* Project object */;
}
